
Microsoft Visual Studio Solution File, Format Version 12.00
# Visual Studio Version 17
VisualStudioVersion = 17.6.33829.357
MinimumVisualStudioVersion = 10.0.40219.1
Project("{9A19103F-16F7-4668-BE54-9A1E7A4F7556}") = "Flow.Launcher.Plugin.RDP", "Flow.Launcher.Plugin.RDP.csproj", "{A79EA486-EBF9-4F94-B202-EE089D994CFB}"
EndProject
Global
	GlobalSection(SolutionConfigurationPlatforms) = preSolution
		Debug|Any CPU = Debug|Any CPU
		Release|Any CPU = Release|Any CPU
	EndGlobalSection
	GlobalSection(ProjectConfigurationPlatforms) = postSolution
		{A79EA486-EBF9-4F94-B202-EE089D994CFB}.Debug|Any CPU.ActiveCfg = Debug|Any CPU
		{A79EA486-EBF9-4F94-B202-EE089D994CFB}.Debug|Any CPU.Build.0 = Debug|Any CPU
		{A79EA486-EBF9-4F94-B202-EE089D994CFB}.Release|Any CPU.ActiveCfg = Release|Any CPU
		{A79EA486-EBF9-4F94-B202-EE089D994CFB}.Release|Any CPU.Build.0 = Release|Any CPU
	EndGlobalSection
	GlobalSection(SolutionProperties) = preSolution
		HideSolutionNode = FALSE
	EndGlobalSection
	GlobalSection(ExtensibilityGlobals) = postSolution
		SolutionGuid = {08FCED7E-4174-49A0-8B74-3530A1504C41}
	EndGlobalSection
EndGlobal
